
Microsoft Visual Studio Solution File, Format Version 12.00
# Visual Studio Version 17
VisualStudioVersion = 17.2.32616.157
MinimumVisualStudioVersion = 10.0.40219.1
Project("{FAE04EC0-301F-11D3-BF4B-00C04F79EFBC}") = "jaider.Android", "jaider\jaider.Android\jaider.Android.csproj", "{789C0217-3176-4657-9C80-4CF37A8E99AA}"
EndProject
Project("{FAE04EC0-301F-11D3-BF4B-00C04F79EFBC}") = "jaider.iOS", "jaider\jaider.iOS\jaider.iOS.csproj", "{1306523D-7891-4793-97BC-5FAAE2870680}"
EndProject
Project("{FAE04EC0-301F-11D3-BF4B-00C04F79EFBC}") = "jaider", "jaider\jaider\jaider.csproj", "{BA8108B6-62E8-4C46-B57C-DA7141AAD52B}"
EndProject
Global
	GlobalSection(SolutionConfigurationPlatforms) = preSolution
		Debug|Any CPU = Debug|Any CPU
		Debug|iPhone = Debug|iPhone
		Debug|iPhoneSimulator = Debug|iPhoneSimulator
		Release|Any CPU = Release|Any CPU
		Release|iPhone = Release|iPhone
		Release|iPhoneSimulator = Release|iPhoneSimulator
	EndGlobalSection
	GlobalSection(ProjectConfigurationPlatforms) = postSolution
		{789C0217-3176-4657-9C80-4CF37A8E99AA}.Debug|Any CPU.ActiveCfg = Debug|Any CPU
		{789C0217-3176-4657-9C80-4CF37A8E99AA}.Debug|Any CPU.Build.0 = Debug|Any CPU
		{789C0217-3176-4657-9C80-4CF37A8E99AA}.Debug|Any CPU.Deploy.0 = Debug|Any CPU
		{789C0217-3176-4657-9C80-4CF37A8E99AA}.Debug|iPhone.ActiveCfg = Debug|Any CPU
		{789C0217-3176-4657-9C80-4CF37A8E99AA}.Debug|iPhone.Build.0 = Debug|Any CPU
		{789C0217-3176-4657-9C80-4CF37A8E99AA}.Debug|iPhone.Deploy.0 = Debug|Any CPU
		{789C0217-3176-4657-9C80-4CF37A8E99AA}.Debug|iPhoneSimulator.ActiveCfg = Debug|Any CPU
		{789C0217-3176-4657-9C80-4CF37A8E99AA}.Debug|iPhoneSimulator.Build.0 = Debug|Any CPU
		{789C0217-3176-4657-9C80-4CF37A8E99AA}.Debug|iPhoneSimulator.Deploy.0 = Debug|Any CPU
		{789C0217-3176-4657-9C80-4CF37A8E99AA}.Release|Any CPU.ActiveCfg = Release|Any CPU
		{789C0217-3176-4657-9C80-4CF37A8E99AA}.Release|Any CPU.Build.0 = Release|Any CPU
		{789C0217-3176-4657-9C80-4CF37A8E99AA}.Release|Any CPU.Deploy.0 = Release|Any CPU
		{789C0217-3176-4657-9C80-4CF37A8E99AA}.Release|iPhone.ActiveCfg = Release|Any CPU
		{789C0217-3176-4657-9C80-4CF37A8E99AA}.Release|iPhone.Build.0 = Release|Any CPU
		{789C0217-3176-4657-9C80-4CF37A8E99AA}.Release|iPhone.Deploy.0 = Release|Any CPU
		{789C0217-3176-4657-9C80-4CF37A8E99AA}.Release|iPhoneSimulator.ActiveCfg = Release|Any CPU
		{789C0217-3176-4657-9C80-4CF37A8E99AA}.Release|iPhoneSimulator.Build.0 = Release|Any CPU
		{789C0217-3176-4657-9C80-4CF37A8E99AA}.Release|iPhoneSimulator.Deploy.0 = Release|Any CPU
		{1306523D-7891-4793-97BC-5FAAE2870680}.Debug|Any CPU.ActiveCfg = Debug|iPhone
		{1306523D-7891-4793-97BC-5FAAE2870680}.Debug|Any CPU.Build.0 = Debug|iPhone
		{1306523D-7891-4793-97BC-5FAAE2870680}.Debug|Any CPU.Deploy.0 = Debug|iPhone
		{1306523D-7891-4793-97BC-5FAAE2870680}.Debug|iPhone.ActiveCfg = Debug|iPhone
		{1306523D-7891-4793-97BC-5FAAE2870680}.Debug|iPhone.Build.0 = Debug|iPhone
		{1306523D-7891-4793-97BC-5FAAE2870680}.Debug|iPhone.Deploy.0 = Debug|iPhone
		{1306523D-7891-4793-97BC-5FAAE2870680}.Debug|iPhoneSimulator.ActiveCfg = Debug|iPhoneSimulator
		{1306523D-7891-4793-97BC-5FAAE2870680}.Debug|iPhoneSimulator.Build.0 = Debug|iPhoneSimulator
		{1306523D-7891-4793-97BC-5FAAE2870680}.Debug|iPhoneSimulator.Deploy.0 = Debug|iPhoneSimulator
		{1306523D-7891-4793-97BC-5FAAE2870680}.Release|Any CPU.ActiveCfg = Release|iPhoneSimulator
		{1306523D-7891-4793-97BC-5FAAE2870680}.Release|Any CPU.Build.0 = Release|iPhoneSimulator
		{1306523D-7891-4793-97BC-5FAAE2870680}.Release|Any CPU.Deploy.0 = Release|iPhoneSimulator
		{1306523D-7891-4793-97BC-5FAAE2870680}.Release|iPhone.ActiveCfg = Release|iPhone
		{1306523D-7891-4793-97BC-5FAAE2870680}.Release|iPhone.Build.0 = Release|iPhone
		{1306523D-7891-4793-97BC-5FAAE2870680}.Release|iPhone.Deploy.0 = Release|iPhone
		{1306523D-7891-4793-97BC-5FAAE2870680}.Release|iPhoneSimulator.ActiveCfg = Release|iPhoneSimulator
		{1306523D-7891-4793-97BC-5FAAE2870680}.Release|iPhoneSimulator.Build.0 = Release|iPhoneSimulator
		{1306523D-7891-4793-97BC-5FAAE2870680}.Release|iPhoneSimulator.Deploy.0 = Release|iPhoneSimulator
		{BA8108B6-62E8-4C46-B57C-DA7141AAD52B}.Debug|Any CPU.ActiveCfg = Debug|Any CPU
		{BA8108B6-62E8-4C46-B57C-DA7141AAD52B}.Debug|Any CPU.Build.0 = Debug|Any CPU
		{BA8108B6-62E8-4C46-B57C-DA7141AAD52B}.Debug|Any CPU.Deploy.0 = Debug|Any CPU
		{BA8108B6-62E8-4C46-B57C-DA7141AAD52B}.Debug|iPhone.ActiveCfg = Debug|Any CPU
		{BA8108B6-62E8-4C46-B57C-DA7141AAD52B}.Debug|iPhone.Build.0 = Debug|Any CPU
		{BA8108B6-62E8-4C46-B57C-DA7141AAD52B}.Debug|iPhone.Deploy.0 = Debug|Any CPU
		{BA8108B6-62E8-4C46-B57C-DA7141AAD52B}.Debug|iPhoneSimulator.ActiveCfg = Debug|Any CPU
		{BA8108B6-62E8-4C46-B57C-DA7141AAD52B}.Debug|iPhoneSimulator.Build.0 = Debug|Any CPU
		{BA8108B6-62E8-4C46-B57C-DA7141AAD52B}.Debug|iPhoneSimulator.Deploy.0 = Debug|Any CPU
		{BA8108B6-62E8-4C46-B57C-DA7141AAD52B}.Release|Any CPU.ActiveCfg = Release|Any CPU
		{BA8108B6-62E8-4C46-B57C-DA7141AAD52B}.Release|Any CPU.Build.0 = Release|Any CPU
		{BA8108B6-62E8-4C46-B57C-DA7141AAD52B}.Release|Any CPU.Deploy.0 = Release|Any CPU
		{BA8108B6-62E8-4C46-B57C-DA7141AAD52B}.Release|iPhone.ActiveCfg = Release|Any CPU
		{BA8108B6-62E8-4C46-B57C-DA7141AAD52B}.Release|iPhone.Build.0 = Release|Any CPU
		{BA8108B6-62E8-4C46-B57C-DA7141AAD52B}.Release|iPhone.Deploy.0 = Release|Any CPU
		{BA8108B6-62E8-4C46-B57C-DA7141AAD52B}.Release|iPhoneSimulator.ActiveCfg = Release|Any CPU
		{BA8108B6-62E8-4C46-B57C-DA7141AAD52B}.Release|iPhoneSimulator.Build.0 = Release|Any CPU
		{BA8108B6-62E8-4C46-B57C-DA7141AAD52B}.Release|iPhoneSimulator.Deploy.0 = Release|Any CPU
	EndGlobalSection
	GlobalSection(SolutionProperties) = preSolution
		HideSolutionNode = FALSE
	EndGlobalSection
	GlobalSection(ExtensibilityGlobals) = postSolution
		SolutionGuid = {72CC45D9-FF98-492E-95BA-2F2925A69797}
	EndGlobalSection
EndGlobal
